
Microsoft Visual Studio Solution File, Format Version 12.00
# Visual Studio Version 17
VisualStudioVersion = 17.8.34322.80
MinimumVisualStudioVersion = 10.0.40219.1
Project("{FAE04EC0-301F-11D3-BF4B-00C04F79EFBC}") = "IntegralInvesting", "IntegralInvesting\IntegralInvesting.csproj", "{06BE32D3-3A9E-4B84-810D-5A70267DF044}"
EndProject
Global
	GlobalSection(SolutionConfigurationPlatforms) = preSolution
		Debug|Any CPU = Debug|Any CPU
		Release|Any CPU = Release|Any CPU
	EndGlobalSection
	GlobalSection(ProjectConfigurationPlatforms) = postSolution
		{06BE32D3-3A9E-4B84-810D-5A70267DF044}.Debug|Any CPU.ActiveCfg = Debug|Any CPU
		{06BE32D3-3A9E-4B84-810D-5A70267DF044}.Debug|Any CPU.Build.0 = Debug|Any CPU
		{06BE32D3-3A9E-4B84-810D-5A70267DF044}.Release|Any CPU.ActiveCfg = Release|Any CPU
		{06BE32D3-3A9E-4B84-810D-5A70267DF044}.Release|Any CPU.Build.0 = Release|Any CPU
	EndGlobalSection
	GlobalSection(SolutionProperties) = preSolution
		HideSolutionNode = FALSE
	EndGlobalSection
	GlobalSection(ExtensibilityGlobals) = postSolution
		SolutionGuid = {6515E6C5-B4AC-451F-BA76-F6F06CD60FE9}
	EndGlobalSection
EndGlobal
