
Microsoft Visual Studio Solution File, Format Version 12.00
# Visual Studio Version 17
VisualStudioVersion = 17.8.34322.80
MinimumVisualStudioVersion = 10.0.40219.1
Project("{FAE04EC0-301F-11D3-BF4B-00C04F79EFBC}") = "DataAccessAPI", "DataAccessAPI\DataAccessAPI.csproj", "{86D77F42-73BC-4DF2-983D-828F9F67B4C1}"
EndProject
Global
	GlobalSection(SolutionConfigurationPlatforms) = preSolution
		Debug|Any CPU = Debug|Any CPU
		Release|Any CPU = Release|Any CPU
	EndGlobalSection
	GlobalSection(ProjectConfigurationPlatforms) = postSolution
		{86D77F42-73BC-4DF2-983D-828F9F67B4C1}.Debug|Any CPU.ActiveCfg = Debug|Any CPU
		{86D77F42-73BC-4DF2-983D-828F9F67B4C1}.Debug|Any CPU.Build.0 = Debug|Any CPU
		{86D77F42-73BC-4DF2-983D-828F9F67B4C1}.Release|Any CPU.ActiveCfg = Release|Any CPU
		{86D77F42-73BC-4DF2-983D-828F9F67B4C1}.Release|Any CPU.Build.0 = Release|Any CPU
	EndGlobalSection
	GlobalSection(SolutionProperties) = preSolution
		HideSolutionNode = FALSE
	EndGlobalSection
	GlobalSection(ExtensibilityGlobals) = postSolution
		SolutionGuid = {E30B590F-73D4-4C3D-983D-6BC9BA8F9184}
	EndGlobalSection
EndGlobal
